
Microsoft Visual Studio Solution File, Format Version 12.00
# Visual Studio Version 17
VisualStudioVersion = 17.10.35122.118
MinimumVisualStudioVersion = 10.0.40219.1
Project("{9A19103F-16F7-4668-BE54-9A1E7A4F7556}") = "SupermarketWEB", "SupermarketWEB.csproj", "{4F48D329-B7DA-4DEC-B324-DC2DA4A4CA91}"
EndProject
Global
	GlobalSection(SolutionConfigurationPlatforms) = preSolution
		Debug|Any CPU = Debug|Any CPU
		Release|Any CPU = Release|Any CPU
	EndGlobalSection
	GlobalSection(ProjectConfigurationPlatforms) = postSolution
		{4F48D329-B7DA-4DEC-B324-DC2DA4A4CA91}.Debug|Any CPU.ActiveCfg = Debug|Any CPU
		{4F48D329-B7DA-4DEC-B324-DC2DA4A4CA91}.Debug|Any CPU.Build.0 = Debug|Any CPU
		{4F48D329-B7DA-4DEC-B324-DC2DA4A4CA91}.Release|Any CPU.ActiveCfg = Release|Any CPU
		{4F48D329-B7DA-4DEC-B324-DC2DA4A4CA91}.Release|Any CPU.Build.0 = Release|Any CPU
	EndGlobalSection
	GlobalSection(SolutionProperties) = preSolution
		HideSolutionNode = FALSE
	EndGlobalSection
	GlobalSection(ExtensibilityGlobals) = postSolution
		SolutionGuid = {FABB35F1-BDFF-4A97-B089-EA29B09DACCC}
	EndGlobalSection
EndGlobal
